
Microsoft Visual Studio Solution File, Format Version 12.00
# Visual Studio Version 16
VisualStudioVersion = 25.0.1704.0
MinimumVisualStudioVersion = 10.0.40219.1
Project("{FAE04EC0-301F-11D3-BF4B-00C04F79EFBC}") = "TempConverter", "csharp-web-development-examples\TempConverter.csproj", "{6B536D3F-0DDB-4E47-B4E3-E276A5F965AB}"
EndProject
Project("{FAE04EC0-301F-11D3-BF4B-00C04F79EFBC}") = "HelloMethods", "HelloMethods\HelloMethods.csproj", "{6214BDB3-CE29-4DD6-A683-BD374AFCE45F}"
EndProject
Global
	GlobalSection(SolutionConfigurationPlatforms) = preSolution
		Debug|Any CPU = Debug|Any CPU
		Release|Any CPU = Release|Any CPU
	EndGlobalSection
	GlobalSection(ProjectConfigurationPlatforms) = postSolution
		{6B536D3F-0DDB-4E47-B4E3-E276A5F965AB}.Debug|Any CPU.ActiveCfg = Debug|Any CPU
		{6B536D3F-0DDB-4E47-B4E3-E276A5F965AB}.Debug|Any CPU.Build.0 = Debug|Any CPU
		{6B536D3F-0DDB-4E47-B4E3-E276A5F965AB}.Release|Any CPU.ActiveCfg = Release|Any CPU
		{6B536D3F-0DDB-4E47-B4E3-E276A5F965AB}.Release|Any CPU.Build.0 = Release|Any CPU
		{6214BDB3-CE29-4DD6-A683-BD374AFCE45F}.Debug|Any CPU.ActiveCfg = Debug|Any CPU
		{6214BDB3-CE29-4DD6-A683-BD374AFCE45F}.Debug|Any CPU.Build.0 = Debug|Any CPU
		{6214BDB3-CE29-4DD6-A683-BD374AFCE45F}.Release|Any CPU.ActiveCfg = Release|Any CPU
		{6214BDB3-CE29-4DD6-A683-BD374AFCE45F}.Release|Any CPU.Build.0 = Release|Any CPU
	EndGlobalSection
	GlobalSection(SolutionProperties) = preSolution
		HideSolutionNode = FALSE
	EndGlobalSection
	GlobalSection(ExtensibilityGlobals) = postSolution
		SolutionGuid = {17025AE3-3ED5-466D-A71F-51A4E88EACEB}
	EndGlobalSection
EndGlobal
